
Microsoft Visual Studio Solution File, Format Version 12.00
# Visual Studio Version 16
VisualStudioVersion = 16.0.30804.86
MinimumVisualStudioVersion = 10.0.40219.1
Project("{8BC9CEB8-8B4A-11D0-8D11-00A0C91BC942}") = "202007013_문승신", "202007013_문승신\202007013_문승신.vcxproj", "{2FDD6679-D90B-4038-A3FE-5FAAEEAFE589}"
EndProject
Global
	GlobalSection(SolutionConfigurationPlatforms) = preSolution
		Debug|x64 = Debug|x64
		Debug|x86 = Debug|x86
		Release|x64 = Release|x64
		Release|x86 = Release|x86
	EndGlobalSection
	GlobalSection(ProjectConfigurationPlatforms) = postSolution
		{2FDD6679-D90B-4038-A3FE-5FAAEEAFE589}.Debug|x64.ActiveCfg = Debug|x64
		{2FDD6679-D90B-4038-A3FE-5FAAEEAFE589}.Debug|x64.Build.0 = Debug|x64
		{2FDD6679-D90B-4038-A3FE-5FAAEEAFE589}.Debug|x86.ActiveCfg = Debug|Win32
		{2FDD6679-D90B-4038-A3FE-5FAAEEAFE589}.Debug|x86.Build.0 = Debug|Win32
		{2FDD6679-D90B-4038-A3FE-5FAAEEAFE589}.Release|x64.ActiveCfg = Release|x64
		{2FDD6679-D90B-4038-A3FE-5FAAEEAFE589}.Release|x64.Build.0 = Release|x64
		{2FDD6679-D90B-4038-A3FE-5FAAEEAFE589}.Release|x86.ActiveCfg = Release|Win32
		{2FDD6679-D90B-4038-A3FE-5FAAEEAFE589}.Release|x86.Build.0 = Release|Win32
	EndGlobalSection
	GlobalSection(SolutionProperties) = preSolution
		HideSolutionNode = FALSE
	EndGlobalSection
	GlobalSection(ExtensibilityGlobals) = postSolution
		SolutionGuid = {AE6BAF52-950E-40D0-A0B3-69A1B9082AF6}
	EndGlobalSection
EndGlobal
