
Microsoft Visual Studio Solution File, Format Version 12.00
# Visual Studio 15
VisualStudioVersion = 15.0.28307.1500
MinimumVisualStudioVersion = 10.0.40219.1
Project("{8BC9CEB8-8B4A-11D0-8D11-00A0C91BC942}") = "2022_oop_final_exam", "2022_oop_final_exam\2022_oop_final_exam.vcxproj", "{B7302800-1F6F-4DA5-93B9-4F1940E54B7D}"
EndProject
Global
	GlobalSection(SolutionConfigurationPlatforms) = preSolution
		Debug|x64 = Debug|x64
		Debug|x86 = Debug|x86
		Release|x64 = Release|x64
		Release|x86 = Release|x86
	EndGlobalSection
	GlobalSection(ProjectConfigurationPlatforms) = postSolution
		{B7302800-1F6F-4DA5-93B9-4F1940E54B7D}.Debug|x64.ActiveCfg = Debug|x64
		{B7302800-1F6F-4DA5-93B9-4F1940E54B7D}.Debug|x64.Build.0 = Debug|x64
		{B7302800-1F6F-4DA5-93B9-4F1940E54B7D}.Debug|x86.ActiveCfg = Debug|Win32
		{B7302800-1F6F-4DA5-93B9-4F1940E54B7D}.Debug|x86.Build.0 = Debug|Win32
		{B7302800-1F6F-4DA5-93B9-4F1940E54B7D}.Release|x64.ActiveCfg = Release|x64
		{B7302800-1F6F-4DA5-93B9-4F1940E54B7D}.Release|x64.Build.0 = Release|x64
		{B7302800-1F6F-4DA5-93B9-4F1940E54B7D}.Release|x86.ActiveCfg = Release|Win32
		{B7302800-1F6F-4DA5-93B9-4F1940E54B7D}.Release|x86.Build.0 = Release|Win32
	EndGlobalSection
	GlobalSection(SolutionProperties) = preSolution
		HideSolutionNode = FALSE
	EndGlobalSection
	GlobalSection(ExtensibilityGlobals) = postSolution
		SolutionGuid = {568E4BB3-7C3D-47AB-836B-8EB1FBAA8945}
	EndGlobalSection
EndGlobal
